
Microsoft Visual Studio Solution File, Format Version 12.00
# Visual Studio Version 16
VisualStudioVersion = 16.0.31424.327
MinimumVisualStudioVersion = 10.0.40219.1
Project("{9A19103F-16F7-4668-BE54-9A1E7A4F7556}") = "SimpleLibraryWithBooks", "SimpleLibraryWithBooks\SimpleLibraryWithBooks.csproj", "{A57559CF-B733-4A95-BEE6-6F0D2E69D7FE}"
EndProject
Project("{9A19103F-16F7-4668-BE54-9A1E7A4F7556}") = "Database", "Database\Database.csproj", "{4C4E0EF4-A00D-4965-8466-4FEABFEC22D3}"
EndProject
Project("{2150E333-8FDC-42A3-9474-1A3956D46DE8}") = "Core", "Core", "{16BC509C-8796-4478-9286-4AF96C1770A9}"
EndProject
Project("{9A19103F-16F7-4668-BE54-9A1E7A4F7556}") = "Common", "Common\Common.csproj", "{5D02C0FC-D602-4087-951E-21B47BE422A4}"
EndProject
Project("{9A19103F-16F7-4668-BE54-9A1E7A4F7556}") = "Infrastructure", "Infrastructure\Infrastructure.csproj", "{A4BE3EF7-BF87-4195-8917-FCC49D510B9F}"
EndProject
Project("{FAE04EC0-301F-11D3-BF4B-00C04F79EFBC}") = "Infrastructure.Tests", "Infrastructure.Tests\Infrastructure.Tests.csproj", "{EF0A2B76-FA7F-49F0-9E31-6775FE154518}"
EndProject
Global
	GlobalSection(SolutionConfigurationPlatforms) = preSolution
		Debug|Any CPU = Debug|Any CPU
		Release|Any CPU = Release|Any CPU
	EndGlobalSection
	GlobalSection(ProjectConfigurationPlatforms) = postSolution
		{A57559CF-B733-4A95-BEE6-6F0D2E69D7FE}.Debug|Any CPU.ActiveCfg = Debug|Any CPU
		{A57559CF-B733-4A95-BEE6-6F0D2E69D7FE}.Debug|Any CPU.Build.0 = Debug|Any CPU
		{A57559CF-B733-4A95-BEE6-6F0D2E69D7FE}.Release|Any CPU.ActiveCfg = Release|Any CPU
		{A57559CF-B733-4A95-BEE6-6F0D2E69D7FE}.Release|Any CPU.Build.0 = Release|Any CPU
		{4C4E0EF4-A00D-4965-8466-4FEABFEC22D3}.Debug|Any CPU.ActiveCfg = Debug|Any CPU
		{4C4E0EF4-A00D-4965-8466-4FEABFEC22D3}.Debug|Any CPU.Build.0 = Debug|Any CPU
		{4C4E0EF4-A00D-4965-8466-4FEABFEC22D3}.Release|Any CPU.ActiveCfg = Release|Any CPU
		{4C4E0EF4-A00D-4965-8466-4FEABFEC22D3}.Release|Any CPU.Build.0 = Release|Any CPU
		{5D02C0FC-D602-4087-951E-21B47BE422A4}.Debug|Any CPU.ActiveCfg = Debug|Any CPU
		{5D02C0FC-D602-4087-951E-21B47BE422A4}.Debug|Any CPU.Build.0 = Debug|Any CPU
		{5D02C0FC-D602-4087-951E-21B47BE422A4}.Release|Any CPU.ActiveCfg = Release|Any CPU
		{5D02C0FC-D602-4087-951E-21B47BE422A4}.Release|Any CPU.Build.0 = Release|Any CPU
		{A4BE3EF7-BF87-4195-8917-FCC49D510B9F}.Debug|Any CPU.ActiveCfg = Debug|Any CPU
		{A4BE3EF7-BF87-4195-8917-FCC49D510B9F}.Debug|Any CPU.Build.0 = Debug|Any CPU
		{A4BE3EF7-BF87-4195-8917-FCC49D510B9F}.Release|Any CPU.ActiveCfg = Release|Any CPU
		{A4BE3EF7-BF87-4195-8917-FCC49D510B9F}.Release|Any CPU.Build.0 = Release|Any CPU
		{EF0A2B76-FA7F-49F0-9E31-6775FE154518}.Debug|Any CPU.ActiveCfg = Debug|Any CPU
		{EF0A2B76-FA7F-49F0-9E31-6775FE154518}.Debug|Any CPU.Build.0 = Debug|Any CPU
		{EF0A2B76-FA7F-49F0-9E31-6775FE154518}.Release|Any CPU.ActiveCfg = Release|Any CPU
		{EF0A2B76-FA7F-49F0-9E31-6775FE154518}.Release|Any CPU.Build.0 = Release|Any CPU
	EndGlobalSection
	GlobalSection(SolutionProperties) = preSolution
		HideSolutionNode = FALSE
	EndGlobalSection
	GlobalSection(NestedProjects) = preSolution
		{5D02C0FC-D602-4087-951E-21B47BE422A4} = {16BC509C-8796-4478-9286-4AF96C1770A9}
		{A4BE3EF7-BF87-4195-8917-FCC49D510B9F} = {16BC509C-8796-4478-9286-4AF96C1770A9}
		{EF0A2B76-FA7F-49F0-9E31-6775FE154518} = {16BC509C-8796-4478-9286-4AF96C1770A9}
	EndGlobalSection
	GlobalSection(ExtensibilityGlobals) = postSolution
		SolutionGuid = {5A3E6DCA-4A5F-4BE1-BF1C-636FCC6E9962}
	EndGlobalSection
EndGlobal
